
Microsoft Visual Studio Solution File, Format Version 12.00
# Visual Studio 15
Project("{FAE04EC0-301F-11D3-BF4B-00C04F79EFBC}") = "HelloWorldASPNETCore", "HelloWorldASPNETCore\HelloWorldASPNETCore.csproj", "{BE71818A-C3E2-4362-BE3A-80E2F8585477}"
EndProject
Global
	GlobalSection(SolutionConfigurationPlatforms) = preSolution
		Debug|Any CPU = Debug|Any CPU
		Release|Any CPU = Release|Any CPU
	EndGlobalSection
	GlobalSection(ProjectConfigurationPlatforms) = postSolution
		{BE71818A-C3E2-4362-BE3A-80E2F8585477}.Debug|Any CPU.ActiveCfg = Debug|Any CPU
		{BE71818A-C3E2-4362-BE3A-80E2F8585477}.Debug|Any CPU.Build.0 = Debug|Any CPU
		{BE71818A-C3E2-4362-BE3A-80E2F8585477}.Release|Any CPU.ActiveCfg = Release|Any CPU
		{BE71818A-C3E2-4362-BE3A-80E2F8585477}.Release|Any CPU.Build.0 = Release|Any CPU
	EndGlobalSection
EndGlobal
